
Microsoft Visual Studio Solution File, Format Version 12.00
# Visual Studio Version 17
VisualStudioVersion = 17.8.34330.188
MinimumVisualStudioVersion = 10.0.40219.1
Project("{FAE04EC0-301F-11D3-BF4B-00C04F79EFBC}") = "InterbraUmbraco", "InterbraUmbraco\InterbraUmbraco.csproj", "{1D0EB4E9-B34C-499F-BF22-52142F80F677}"
EndProject
Global
	GlobalSection(SolutionConfigurationPlatforms) = preSolution
		Debug|Any CPU = Debug|Any CPU
		Release|Any CPU = Release|Any CPU
	EndGlobalSection
	GlobalSection(ProjectConfigurationPlatforms) = postSolution
		{1D0EB4E9-B34C-499F-BF22-52142F80F677}.Debug|Any CPU.ActiveCfg = Debug|Any CPU
		{1D0EB4E9-B34C-499F-BF22-52142F80F677}.Debug|Any CPU.Build.0 = Debug|Any CPU
		{1D0EB4E9-B34C-499F-BF22-52142F80F677}.Release|Any CPU.ActiveCfg = Release|Any CPU
		{1D0EB4E9-B34C-499F-BF22-52142F80F677}.Release|Any CPU.Build.0 = Release|Any CPU
	EndGlobalSection
	GlobalSection(SolutionProperties) = preSolution
		HideSolutionNode = FALSE
	EndGlobalSection
	GlobalSection(ExtensibilityGlobals) = postSolution
		SolutionGuid = {E06A2AF8-0B1D-4067-805F-296C5C22A436}
	EndGlobalSection
EndGlobal
